{
  "name": "axiom-trading-bot",
  "version": "1.0.0",
  "lockfileVersion": 3,
  "requires": true,
  "packages": {
    "": {
      "name": "axiom-trading-bot",
      "version": "1.0.0",
      "dependencies": {
        "telegraf": "4.15.3",
        "telegraf-session-local": "2.1.2"
      }
    }
  }
}

